{
  "originHash" : "5668e528bc952398ebb9c92c1c4e578bee45d198dc4d7e071320392d82f8bf0c",
  "pins" : [
    {
      "identity" : "alamofire",
      "kind" : "remoteSourceControl",
      "location" : "https://github.com/Alamofire/Alamofire.git",
      "state" : {
        "revision" : "3f99050e75bbc6fe71fc323adabb039756680016",
        "version" : "5.11.1"
      }
    },
    {
      "identity" : "kingfisher",
      "kind" : "remoteSourceControl",
      "location" : "https://github.com/onevcat/Kingfisher.git",
      "state" : {
        "revision" : "c92b84898e34ab46ff0dad86c02a0acbe2d87008",
        "version" : "8.8.0"
      }
    },
    {
      "identity" : "reachability.swift",
      "kind" : "remoteSourceControl",
      "location" : "https://github.com/ashleymills/Reachability.swift",
      "state" : {
        "branch" : "master",
        "revision" : "21d1dc412cfecbe6e34f1f4c4eb88d3f912654a6"
      }
    },
    {
      "identity" : "xcglogger",
      "kind" : "remoteSourceControl",
      "location" : "https://github.com/DaveWoodCom/XCGLogger.git",
      "state" : {
        "revision" : "4def3c1c772ca90ad5e7bfc8ac437c3b0b4276cf",
        "version" : "7.1.5"
      }
    }
  ],
  "version" : 3
}
